
Microsoft Visual Studio Solution File, Format Version 12.00
# Visual Studio Version 17
VisualStudioVersion = 17.9.34723.18
MinimumVisualStudioVersion = 10.0.40219.1
Project("{9A19103F-16F7-4668-BE54-9A1E7A4F7556}") = "TiendaOnline", "TiendaOnline\TiendaOnline.csproj", "{457E00F5-CBBB-48E0-B0E6-581EF8BEE0A4}"
EndProject
Project("{FAE04EC0-301F-11D3-BF4B-00C04F79EFBC}") = "WebTiendaOnline", "WebTiendaOnline\WebTiendaOnline.csproj", "{C08B3F1F-9A49-416C-80C9-B227BE96651E}"
EndProject
Project("{FAE04EC0-301F-11D3-BF4B-00C04F79EFBC}") = "Negocios", "Negocios\Negocios.csproj", "{D74D193F-F59C-4602-9E8A-B74D22DA3095}"
EndProject
Global
	GlobalSection(SolutionConfigurationPlatforms) = preSolution
		Debug|Any CPU = Debug|Any CPU
		Release|Any CPU = Release|Any CPU
	EndGlobalSection
	GlobalSection(ProjectConfigurationPlatforms) = postSolution
		{457E00F5-CBBB-48E0-B0E6-581EF8BEE0A4}.Debug|Any CPU.ActiveCfg = Debug|Any CPU
		{457E00F5-CBBB-48E0-B0E6-581EF8BEE0A4}.Debug|Any CPU.Build.0 = Debug|Any CPU
		{457E00F5-CBBB-48E0-B0E6-581EF8BEE0A4}.Release|Any CPU.ActiveCfg = Release|Any CPU
		{457E00F5-CBBB-48E0-B0E6-581EF8BEE0A4}.Release|Any CPU.Build.0 = Release|Any CPU
		{C08B3F1F-9A49-416C-80C9-B227BE96651E}.Debug|Any CPU.ActiveCfg = Debug|Any CPU
		{C08B3F1F-9A49-416C-80C9-B227BE96651E}.Debug|Any CPU.Build.0 = Debug|Any CPU
		{C08B3F1F-9A49-416C-80C9-B227BE96651E}.Release|Any CPU.ActiveCfg = Release|Any CPU
		{C08B3F1F-9A49-416C-80C9-B227BE96651E}.Release|Any CPU.Build.0 = Release|Any CPU
		{D74D193F-F59C-4602-9E8A-B74D22DA3095}.Debug|Any CPU.ActiveCfg = Debug|Any CPU
		{D74D193F-F59C-4602-9E8A-B74D22DA3095}.Debug|Any CPU.Build.0 = Debug|Any CPU
		{D74D193F-F59C-4602-9E8A-B74D22DA3095}.Release|Any CPU.ActiveCfg = Release|Any CPU
		{D74D193F-F59C-4602-9E8A-B74D22DA3095}.Release|Any CPU.Build.0 = Release|Any CPU
	EndGlobalSection
	GlobalSection(SolutionProperties) = preSolution
		HideSolutionNode = FALSE
	EndGlobalSection
	GlobalSection(ExtensibilityGlobals) = postSolution
		SolutionGuid = {CDC55CF6-AAEC-4F2E-A114-ED00C0611698}
	EndGlobalSection
EndGlobal
